
Microsoft Visual Studio Solution File, Format Version 12.00
# Visual Studio Version 17
VisualStudioVersion = 17.7.34031.279
MinimumVisualStudioVersion = 10.0.40219.1
Project("{FAE04EC0-301F-11D3-BF4B-00C04F79EFBC}") = "aaf_2023_10_13", "aaf_2023_10_13\aaf_2023_10_13.csproj", "{737907C1-B2C6-4CF2-91A7-90A6A1F432A8}"
EndProject
Global
	GlobalSection(SolutionConfigurationPlatforms) = preSolution
		Debug|Any CPU = Debug|Any CPU
		Release|Any CPU = Release|Any CPU
	EndGlobalSection
	GlobalSection(ProjectConfigurationPlatforms) = postSolution
		{737907C1-B2C6-4CF2-91A7-90A6A1F432A8}.Debug|Any CPU.ActiveCfg = Debug|Any CPU
		{737907C1-B2C6-4CF2-91A7-90A6A1F432A8}.Debug|Any CPU.Build.0 = Debug|Any CPU
		{737907C1-B2C6-4CF2-91A7-90A6A1F432A8}.Release|Any CPU.ActiveCfg = Release|Any CPU
		{737907C1-B2C6-4CF2-91A7-90A6A1F432A8}.Release|Any CPU.Build.0 = Release|Any CPU
	EndGlobalSection
	GlobalSection(SolutionProperties) = preSolution
		HideSolutionNode = FALSE
	EndGlobalSection
	GlobalSection(ExtensibilityGlobals) = postSolution
		SolutionGuid = {B92F0647-B4A5-462B-B6A9-3BD6E62F6E7F}
	EndGlobalSection
EndGlobal
